
Microsoft Visual Studio Solution File, Format Version 12.00
# Visual Studio Version 16
VisualStudioVersion = 16.0.31112.23
MinimumVisualStudioVersion = 10.0.40219.1
Project("{9A19103F-16F7-4668-BE54-9A1E7A4F7556}") = "StopWatch", "Practice\StopWatch.csproj", "{E478C5D0-AE90-464C-B290-A3AFC71E2333}"
EndProject
Project("{FAE04EC0-301F-11D3-BF4B-00C04F79EFBC}") = "StackWithObjects", "StackWithObjects\StackWithObjects.csproj", "{64693050-B75E-4542-9BB7-403A575FF15E}"
EndProject
Global
	GlobalSection(SolutionConfigurationPlatforms) = preSolution
		Debug|Any CPU = Debug|Any CPU
		Release|Any CPU = Release|Any CPU
	EndGlobalSection
	GlobalSection(ProjectConfigurationPlatforms) = postSolution
		{E478C5D0-AE90-464C-B290-A3AFC71E2333}.Debug|Any CPU.ActiveCfg = Debug|Any CPU
		{E478C5D0-AE90-464C-B290-A3AFC71E2333}.Debug|Any CPU.Build.0 = Debug|Any CPU
		{E478C5D0-AE90-464C-B290-A3AFC71E2333}.Release|Any CPU.ActiveCfg = Release|Any CPU
		{E478C5D0-AE90-464C-B290-A3AFC71E2333}.Release|Any CPU.Build.0 = Release|Any CPU
		{64693050-B75E-4542-9BB7-403A575FF15E}.Debug|Any CPU.ActiveCfg = Debug|Any CPU
		{64693050-B75E-4542-9BB7-403A575FF15E}.Debug|Any CPU.Build.0 = Debug|Any CPU
		{64693050-B75E-4542-9BB7-403A575FF15E}.Release|Any CPU.ActiveCfg = Release|Any CPU
		{64693050-B75E-4542-9BB7-403A575FF15E}.Release|Any CPU.Build.0 = Release|Any CPU
	EndGlobalSection
	GlobalSection(SolutionProperties) = preSolution
		HideSolutionNode = FALSE
	EndGlobalSection
	GlobalSection(ExtensibilityGlobals) = postSolution
		SolutionGuid = {E17B4DA9-15E4-4DB6-BBC1-A7186FA5309C}
	EndGlobalSection
EndGlobal
